// !$*UTF8*$!
{
	archiveVersion = 1;
	classes = {
	};
	objectVersion = 46;
	objects = {

/* Begin PBXBuildFile section */
		0417C4801B1CE895007E2396 /* main.m in Sources */ = {isa = PBXBuildFile; fileRef = 0417C47F1B1CE895007E2396 /* main.m */; };
		0417C4831B1CE895007E2396 /* AppDelegate.m in Sources */ = {isa = PBXBuildFile; fileRef = 0417C4821B1CE895007E2396 /* AppDelegate.m */; };
		0417C4861B1CE895007E2396 /* ViewController.m in Sources */ = {isa = PBXBuildFile; fileRef = 0417C4851B1CE895007E2396 /* ViewController.m */; };
		0417C4891B1CE895007E2396 /* Main.storyboard in Resources */ = {isa = PBXBuildFile; fileRef = 0417C4871B1CE895007E2396 /* Main.storyboard */; };
		0417C48B1B1CE895007E2396 /* Images.xcassets in Resources */ = {isa = PBXBuildFile; fileRef = 0417C48A1B1CE895007E2396 /* Images.xcassets */; };
		0417C48E1B1CE895007E2396 /* LaunchScreen.xib in Resources */ = {isa = PBXBuildFile; fileRef = 0417C48C1B1CE895007E2396 /* LaunchScreen.xib */; };
		0417C49A1B1CE895007E2396 /* appium_demoTests.m in Sources */ = {isa = PBXBuildFile; fileRef = 0417C4991B1CE895007E2396 /* appium_demoTests.m */; };
/* End PBXBuildFile section */

/* Begin PBXContainerItemProxy section */
		0417C4941B1CE895007E2396 /* PBXContainerItemProxy */ = {
			isa = PBXContainerItemProxy;
			containerPortal = 0417C4721B1CE895007E2396 /* Project object */;
			proxyType = 1;
			remoteGlobalIDString = 0417C4791B1CE895007E2396;
			remoteInfo = appium_demo;
		};
/* End PBXContainerItemProxy section */

/* Begin PBXFileReference section */
		0417C47A1B1CE895007E2396 /* appium_demo.app */ = {isa = PBXFileReference; explicitFileType = wrapper.application; includeInIndex = 0; path = appium_demo.app; sourceTree = BUILT_PRODUCTS_DIR; };
		0417C47E1B1CE895007E2396 /* Info.plist */ = {isa = PBXFileReference; lastKnownFileType = text.plist.xml; path = Info.plist; sourceTree = "<group>"; };
		0417C47F1B1CE895007E2396 /* main.m */ = {isa = PBXFileReference; lastKnownFileType = sourcecode.c.objc; path = main.m; sourceTree = "<group>"; };
		0417C4811B1CE895007E2396 /* AppDelegate.h */ = {isa = PBXFileReference; lastKnownFileType = sourcecode.c.h; path = AppDelegate.h; sourceTree = "<group>"; };
		0417C4821B1CE895007E2396 /* AppDelegate.m */ = {isa = PBXFileReference; lastKnownFileType = sourcecode.c.objc; path = AppDelegate.m; sourceTree = "<group>"; };
		0417C4841B1CE895007E2396 /* ViewController.h */ = {isa = PBXFileReference; lastKnownFileType = sourcecode.c.h; path = ViewController.h; sourceTree = "<group>"; };
		0417C4851B1CE895007E2396 /* ViewController.m */ = {isa = PBXFileReference; lastKnownFileType = sourcecode.c.objc; path = ViewController.m; sourceTree = "<group>"; };
		0417C4881B1CE895007E2396 /* Base */ = {isa = PBXFileReference; lastKnownFileType = file.storyboard; name = Base; path = Base.lproj/Main.storyboard; sourceTree = "<group>"; };
		0417C48A1B1CE895007E2396 /* Images.xcassets */ = {isa = PBXFileReference; lastKnownFileType = folder.assetcatalog; path = Images.xcassets; sourceTree = "<group>"; };
		0417C48D1B1CE895007E2396 /* Base */ = {isa = PBXFileReference; lastKnownFileType = file.xib; name = Base; path = Base.lproj/LaunchScreen.xib; sourceTree = "<group>"; };
		0417C4931B1CE895007E2396 /* appium_demoTests.xctest */ = {isa = PBXFileReference; explicitFileType = wrapper.cfbundle; includeInIndex = 0; path = appium_demoTests.xctest; sourceTree = BUILT_PRODUCTS_DIR; };
		0417C4981B1CE895007E2396 /* Info.plist */ = {isa = PBXFileReference; lastKnownFileType = text.plist.xml; path = Info.plist; sourceTree = "<group>"; };
		0417C4991B1CE895007E2396 /* appium_demoTests.m */ = {isa = PBXFileReference; lastKnownFileType = sourcecode.c.objc; path = appium_demoTests.m; sourceTree = "<group>"; };
/* End PBXFileReference section */

/* Begin PBXFrameworksBuildPhase section */
		0417C4771B1CE895007E2396 /* Frameworks */ = {
			isa = PBXFrameworksBuildPhase;
			buildActionMask = 2147483647;
			files = (
			);
			runOnlyForDeploymentPostprocessing = 0;
		};
		0417C4901B1CE895007E2396 /* Frameworks */ = {
			isa = PBXFrameworksBuildPhase;
			buildActionMask = 2147483647;
			files = (
			);
			runOnlyForDeploymentPostprocessing = 0;
		};
/* End PBXFrameworksBuildPhase section */

/* Begin PBXGroup section */
		0417C4711B1CE895007E2396 = {
			isa = PBXGroup;
			children = (
				0417C47C1B1CE895007E2396 /* appium_demo */,
				0417C4961B1CE895007E2396 /* appium_demoTests */,
				0417C47B1B1CE895007E2396 /* Products */,
			);
			sourceTree = "<group>";
		};
		0417C47B1B1CE895007E2396 /* Products */ = {
			isa = PBXGroup;
			children = (
				0417C47A1B1CE895007E2396 /* appium_demo.app */,
				0417C4931B1CE895007E2396 /* appium_demoTests.xctest */,
			);
			name = Products;
			sourceTree = "<group>";
		};
		0417C47C1B1CE895007E2396 /* appium_demo */ = {
			isa = PBXGroup;
			children = (
				0417C4811B1CE895007E2396 /* AppDelegate.h */,
				0417C4821B1CE895007E2396 /* AppDelegate.m */,
				0417C4841B1CE895007E2396 /* ViewController.h */,
				0417C4851B1CE895007E2396 /* ViewController.m */,
				0417C4871B1CE895007E2396 /* Main.storyboard */,
				0417C48A1B1CE895007E2396 /* Images.xcassets */,
				0417C48C1B1CE895007E2396 /* LaunchScreen.xib */,
				0417C47D1B1CE895007E2396 /* Supporting Files */,
			);
			path = appium_demo;
			sourceTree = "<group>";
		};
		0417C47D1B1CE895007E2396 /* Supporting Files */ = {
			isa = PBXGroup;
			children = (
				0417C47E1B1CE895007E2396 /* Info.plist */,
				0417C47F1B1CE895007E2396 /* main.m */,
			);
			name = "Supporting Files";
			sourceTree = "<group>";
		};
		0417C4961B1CE895007E2396 /* appium_demoTests */ = {
			isa = PBXGroup;
			children = (
				0417C4991B1CE895007E2396 /* appium_demoTests.m */,
				0417C4971B1CE895007E2396 /* Supporting Files */,
			);
			path = appium_demoTests;
			sourceTree = "<group>";
		};
		0417C4971B1CE895007E2396 /* Supporting Files */ = {
			isa = PBXGroup;
			children = (
				0417C4981B1CE895007E2396 /* Info.plist */,
			);
			name = "Supporting Files";
			sourceTree = "<group>";
		};
/* End PBXGroup section */

/* Begin PBXNativeTarget section */
		0417C4791B1CE895007E2396 /* appium_demo */ = {
			isa = PBXNativeTarget;
			buildConfigurationList = 0417C49D1B1CE895007E2396 /* Build configuration list for PBXNativeTarget "appium_demo" */;
			buildPhases = (
				0417C4761B1CE895007E2396 /* Sources */,
				0417C4771B1CE895007E2396 /* Frameworks */,
				0417C4781B1CE895007E2396 /* Resources */,
			);
			buildRules = (
			);
			dependencies = (
			);
			name = appium_demo;
			productName = appium_demo;
			productReference = 0417C47A1B1CE895007E2396 /* appium_demo.app */;
			productType = "com.apple.product-type.application";
		};
		0417C4921B1CE895007E2396 /* appium_demoTests */ = {
			isa = PBXNativeTarget;
			buildConfigurationList = 0417C4A01B1CE895007E2396 /* Build configuration list for PBXNativeTarget "appium_demoTests" */;
			buildPhases = (
				0417C48F1B1CE895007E2396 /* Sources */,
				0417C4901B1CE895007E2396 /* Frameworks */,
				0417C4911B1CE895007E2396 /* Resources */,
			);
			buildRules = (
			);
			dependencies = (
				0417C4951B1CE895007E2396 /* PBXTargetDependency */,
			);
			name = appium_demoTests;
			productName = appium_demoTests;
			productReference = 0417C4931B1CE895007E2396 /* appium_demoTests.xctest */;
			productType = "com.apple.product-type.bundle.unit-test";
		};
/* End PBXNativeTarget section */

/* Begin PBXProject section */
		0417C4721B1CE895007E2396 /* Project object */ = {
			isa = PBXProject;
			attributes = {
				LastUpgradeCheck = 0630;
				ORGANIZATIONNAME = "Das, Ananya";
				TargetAttributes = {
					0417C4791B1CE895007E2396 = {
						CreatedOnToolsVersion = 6.3.2;
					};
					0417C4921B1CE895007E2396 = {
						CreatedOnToolsVersion = 6.3.2;
						TestTargetID = 0417C4791B1CE895007E2396;
					};
				};
			};
			buildConfigurationList = 0417C4751B1CE895007E2396 /* Build configuration list for PBXProject "appium_demo" */;
			compatibilityVersion = "Xcode 3.2";
			developmentRegion = English;
			hasScannedForEncodings = 0;
			knownRegions = (
				en,
				Base,
			);
			mainGroup = 0417C4711B1CE895007E2396;
			productRefGroup = 0417C47B1B1CE895007E2396 /* Products */;
			projectDirPath = "";
			projectRoot = "";
			targets = (
				0417C4791B1CE895007E2396 /* appium_demo */,
				0417C4921B1CE895007E2396 /* appium_demoTests */,
			);
		};
/* End PBXProject section */

/* Begin PBXResourcesBuildPhase section */
		0417C4781B1CE895007E2396 /* Resources */ = {
			isa = PBXResourcesBuildPhase;
			buildActionMask = 2147483647;
			files = (
				0417C4891B1CE895007E2396 /* Main.storyboard in Resources */,
				0417C48E1B1CE895007E2396 /* LaunchScreen.xib in Resources */,
				0417C48B1B1CE895007E2396 /* Images.xcassets in Resources */,
			);
			runOnlyForDeploymentPostprocessing = 0;
		};
		0417C4911B1CE895007E2396 /* Resources */ = {
			isa = PBXResourcesBuildPhase;
			buildActionMask = 2147483647;
			files = (
			);
			runOnlyForDeploymentPostprocessing = 0;
		};
/* End PBXResourcesBuildPhase section */

/* Begin PBXSourcesBuildPhase section */
		0417C4761B1CE895007E2396 /* Sources */ = {
			isa = PBXSourcesBuildPhase;
			buildActionMask = 2147483647;
			files = (
				0417C4861B1CE895007E2396 /* ViewController.m in Sources */,
				0417C4831B1CE895007E2396 /* AppDelegate.m in Sources */,
				0417C4801B1CE895007E2396 /* main.m in Sources */,
			);
			runOnlyForDeploymentPostprocessing = 0;
		};
		0417C48F1B1CE895007E2396 /* Sources */ = {
			isa = PBXSourcesBuildPhase;
			buildActionMask = 2147483647;
			files = (
				0417C49A1B1CE895007E2396 /* appium_demoTests.m in Sources */,
			);
			runOnlyForDeploymentPostprocessing = 0;
		};
/* End PBXSourcesBuildPhase section */

/* Begin PBXTargetDependency section */
		0417C4951B1CE895007E2396 /* PBXTargetDependency */ = {
			isa = PBXTargetDependency;
			target = 0417C4791B1CE895007E2396 /* appium_demo */;
			targetProxy = 0417C4941B1CE895007E2396 /* PBXContainerItemProxy */;
		};
/* End PBXTargetDependency section */

/* Begin PBXVariantGroup section */
		0417C4871B1CE895007E2396 /* Main.storyboard */ = {
			isa = PBXVariantGroup;
			children = (
				0417C4881B1CE895007E2396 /* Base */,
			);
			name = Main.storyboard;
			sourceTree = "<group>";
		};
		0417C48C1B1CE895007E2396 /* LaunchScreen.xib */ = {
			isa = PBXVariantGroup;
			children = (
				0417C48D1B1CE895007E2396 /* Base */,
			);
			name = LaunchScreen.xib;
			sourceTree = "<group>";
		};
/* End PBXVariantGroup section */

/* Begin XCBuildConfiguration section */
		0417C49B1B1CE895007E2396 /* Debug */ = {
			isa = XCBuildConfiguration;
			buildSettings = {
				ALWAYS_SEARCH_USER_PATHS = NO;
				CLANG_CXX_LANGUAGE_STANDARD = "gnu++0x";
				CLANG_CXX_LIBRARY = "libc++";
				CLANG_ENABLE_MODULES = YES;
				CLANG_ENABLE_OBJC_ARC = YES;
				CLANG_WARN_BOOL_CONVERSION = YES;
				CLANG_WARN_CONSTANT_CONVERSION = YES;
				CLANG_WARN_DIRECT_OBJC_ISA_USAGE = YES_ERROR;
				CLANG_WARN_EMPTY_BODY = YES;
				CLANG_WARN_ENUM_CONVERSION = YES;
				CLANG_WARN_INT_CONVERSION = YES;
				CLANG_WARN_OBJC_ROOT_CLASS = YES_ERROR;
				CLANG_WARN_UNREACHABLE_CODE = YES;
				CLANG_WARN__DUPLICATE_METHOD_MATCH = YES;
				"CODE_SIGN_IDENTITY[sdk=iphoneos*]" = "iPhone Developer";
				COPY_PHASE_STRIP = NO;
				DEBUG_INFORMATION_FORMAT = "dwarf-with-dsym";
				ENABLE_STRICT_OBJC_MSGSEND = YES;
				GCC_C_LANGUAGE_STANDARD = gnu99;
				GCC_DYNAMIC_NO_PIC = NO;
				GCC_NO_COMMON_BLOCKS = YES;
				GCC_OPTIMIZATION_LEVEL = 0;
				GCC_PREPROCESSOR_DEFINITIONS = (
					"DEBUG=1",
					"$(inherited)",
				);
				GCC_SYMBOLS_PRIVATE_EXTERN = NO;
				GCC_WARN_64_TO_32_BIT_CONVERSION = YES;
				GCC_WARN_ABOUT_RETURN_TYPE = YES_ERROR;
				GCC_WARN_UNDECLARED_SELECTOR = YES;
				GCC_WARN_UNINITIALIZED_AUTOS = YES_AGGRESSIVE;
				GCC_WARN_UNUSED_FUNCTION = YES;
				GCC_WARN_UNUSED_VARIABLE = YES;
				IPHONEOS_DEPLOYMENT_TARGET = 8.3;
				MTL_ENABLE_DEBUG_INFO = YES;
				ONLY_ACTIVE_ARCH = YES;
				SDKROOT = iphoneos;
			};
			name = Debug;
		};
		0417C49C1B1CE895007E2396 /* Release */ = {
			isa = XCBuildConfiguration;
			buildSettings = {
				ALWAYS_SEARCH_USER_PATHS = NO;
				CLANG_CXX_LANGUAGE_STANDARD = "gnu++0x";
				CLANG_CXX_LIBRARY = "libc++";
				CLANG_ENABLE_MODULES = YES;
				CLANG_ENABLE_OBJC_ARC = YES;
				CLANG_WARN_BOOL_CONVERSION = YES;
				CLANG_WARN_CONSTANT_CONVERSION = YES;
				CLANG_WARN_DIRECT_OBJC_ISA_USAGE = YES_ERROR;
				CLANG_WARN_EMPTY_BODY = YES;
				CLANG_WARN_ENUM_CONVERSION = YES;
				CLANG_WARN_INT_CONVERSION = YES;
				CLANG_WARN_OBJC_ROOT_CLASS = YES_ERROR;
				CLANG_WARN_UNREACHABLE_CODE = YES;
				CLANG_WARN__DUPLICATE_METHOD_MATCH = YES;
				"CODE_SIGN_IDENTITY[sdk=iphoneos*]" = "iPhone Developer";
				COPY_PHASE_STRIP = NO;
				DEBUG_INFORMATION_FORMAT = "dwarf-with-dsym";
				ENABLE_NS_ASSERTIONS = NO;
				ENABLE_STRICT_OBJC_MSGSEND = YES;
				GCC_C_LANGUAGE_STANDARD = gnu99;
				GCC_NO_COMMON_BLOCKS = YES;
				GCC_WARN_64_TO_32_BIT_CONVERSION = YES;
				GCC_WARN_ABOUT_RETURN_TYPE = YES_ERROR;
				GCC_WARN_UNDECLARED_SELECTOR = YES;
				GCC_WARN_UNINITIALIZED_AUTOS = YES_AGGRESSIVE;
				GCC_WARN_UNUSED_FUNCTION = YES;
				GCC_WARN_UNUSED_VARIABLE = YES;
				IPHONEOS_DEPLOYMENT_TARGET = 8.3;
				MTL_ENABLE_DEBUG_INFO = NO;
				SDKROOT = iphoneos;
				VALIDATE_PRODUCT = YES;
			};
			name = Release;
		};
		0417C49E1B1CE895007E2396 /* Debug */ = {
			isa = XCBuildConfiguration;
			buildSettings = {
				ASSETCATALOG_COMPILER_APPICON_NAME = AppIcon;
				INFOPLIST_FILE = appium_demo/Info.plist;
				LD_RUNPATH_SEARCH_PATHS = "$(inherited) @executable_path/Frameworks";
				PRODUCT_NAME = "$(TARGET_NAME)";
			};
			name = Debug;
		};
		0417C49F1B1CE895007E2396 /* Release */ = {
			isa = XCBuildConfiguration;
			buildSettings = {
				ASSETCATALOG_COMPILER_APPICON_NAME = AppIcon;
				INFOPLIST_FILE = appium_demo/Info.plist;
				LD_RUNPATH_SEARCH_PATHS = "$(inherited) @executable_path/Frameworks";
				PRODUCT_NAME = "$(TARGET_NAME)";
			};
			name = Release;
		};
		0417C4A11B1CE895007E2396 /* Debug */ = {
			isa = XCBuildConfiguration;
			buildSettings = {
				BUNDLE_LOADER = "$(TEST_HOST)";
				FRAMEWORK_SEARCH_PATHS = (
					"$(SDKROOT)/Developer/Library/Frameworks",
					"$(inherited)",
				);
				GCC_PREPROCESSOR_DEFINITIONS = (
					"DEBUG=1",
					"$(inherited)",
				);
				INFOPLIST_FILE = appium_demoTests/Info.plist;
				LD_RUNPATH_SEARCH_PATHS = "$(inherited) @executable_path/Frameworks @loader_path/Frameworks";
				PRODUCT_NAME = "$(TARGET_NAME)";
				TEST_HOST = "$(BUILT_PRODUCTS_DIR)/appium_demo.app/appium_demo";
			};
			name = Debug;
		};
		0417C4A21B1CE895007E2396 /* Release */ = {
			isa = XCBuildConfiguration;
			buildSettings = {
				BUNDLE_LOADER = "$(TEST_HOST)";
				FRAMEWORK_SEARCH_PATHS = (
					"$(SDKROOT)/Developer/Library/Frameworks",
					"$(inherited)",
				);
				INFOPLIST_FILE = appium_demoTests/Info.plist;
				LD_RUNPATH_SEARCH_PATHS = "$(inherited) @executable_path/Frameworks @loader_path/Frameworks";
				PRODUCT_NAME = "$(TARGET_NAME)";
				TEST_HOST = "$(BUILT_PRODUCTS_DIR)/appium_demo.app/appium_demo";
			};
			name = Release;
		};
/* End XCBuildConfiguration section */

/* Begin XCConfigurationList section */
		0417C4751B1CE895007E2396 /* Build configuration list for PBXProject "appium_demo" */ = {
			isa = XCConfigurationList;
			buildConfigurations = (
				0417C49B1B1CE895007E2396 /* Debug */,
				0417C49C1B1CE895007E2396 /* Release */,
			);
			defaultConfigurationIsVisible = 0;
			defaultConfigurationName = Release;
		};
		0417C49D1B1CE895007E2396 /* Build configuration list for PBXNativeTarget "appium_demo" */ = {
			isa = XCConfigurationList;
			buildConfigurations = (
				0417C49E1B1CE895007E2396 /* Debug */,
				0417C49F1B1CE895007E2396 /* Release */,
			);
			defaultConfigurationIsVisible = 0;
		};
		0417C4A01B1CE895007E2396 /* Build configuration list for PBXNativeTarget "appium_demoTests" */ = {
			isa = XCConfigurationList;
			buildConfigurations = (
				0417C4A11B1CE895007E2396 /* Debug */,
				0417C4A21B1CE895007E2396 /* Release */,
			);
			defaultConfigurationIsVisible = 0;
		};
/* End XCConfigurationList section */
	};
	rootObject = 0417C4721B1CE895007E2396 /* Project object */;
}
